// !$*UTF8*$!
{
	archiveVersion = 1;
	classes = {
	};
	objectVersion = 46;
	objects = {

/* Begin PBXBuildFile section */
		40931C5016E3DA0000EBC81F /* Foundation.framework in Frameworks */ = {isa = PBXBuildFile; fileRef = 40931C4F16E3DA0000EBC81F /* Foundation.framework */; };
		40931C5516E3DA0000EBC81F /* NNWebSocket.h in CopyFiles */ = {isa = PBXBuildFile; fileRef = 40931C5416E3DA0000EBC81F /* NNWebSocket.h */; };
		40931C5716E3DA0000EBC81F /* NNWebSocket.m in Sources */ = {isa = PBXBuildFile; fileRef = 40931C5616E3DA0000EBC81F /* NNWebSocket.m */; };
		40931C5F16E3DA0000EBC81F /* SenTestingKit.framework in Frameworks */ = {isa = PBXBuildFile; fileRef = 40931C5E16E3DA0000EBC81F /* SenTestingKit.framework */; };
		40931C6116E3DA0000EBC81F /* UIKit.framework in Frameworks */ = {isa = PBXBuildFile; fileRef = 40931C6016E3DA0000EBC81F /* UIKit.framework */; };
		40931C6216E3DA0000EBC81F /* Foundation.framework in Frameworks */ = {isa = PBXBuildFile; fileRef = 40931C4F16E3DA0000EBC81F /* Foundation.framework */; };
		40931C6516E3DA0000EBC81F /* libNNWebSocket.a in Frameworks */ = {isa = PBXBuildFile; fileRef = 40931C4C16E3DA0000EBC81F /* libNNWebSocket.a */; };
		40931C6B16E3DA0000EBC81F /* InfoPlist.strings in Resources */ = {isa = PBXBuildFile; fileRef = 40931C6916E3DA0000EBC81F /* InfoPlist.strings */; };
		40931C7916E3DAA600EBC81F /* NNUtils.m in Sources */ = {isa = PBXBuildFile; fileRef = 40931C7816E3DAA600EBC81F /* NNUtils.m */; };
		40931C8C16E3DAC000EBC81F /* NNWebSocketClientRFC6455.m in Sources */ = {isa = PBXBuildFile; fileRef = 40931C7C16E3DAC000EBC81F /* NNWebSocketClientRFC6455.m */; };
		40931C8D16E3DAC000EBC81F /* NNWebSocketFrame.m in Sources */ = {isa = PBXBuildFile; fileRef = 40931C7F16E3DAC000EBC81F /* NNWebSocketFrame.m */; };
		40931C8E16E3DAC000EBC81F /* NNWebSocketOptions.m in Sources */ = {isa = PBXBuildFile; fileRef = 40931C8116E3DAC000EBC81F /* NNWebSocketOptions.m */; };
		40931C8F16E3DAC000EBC81F /* NNWebSocketState.m in Sources */ = {isa = PBXBuildFile; fileRef = 40931C8316E3DAC000EBC81F /* NNWebSocketState.m */; };
		40931C9016E3DAC000EBC81F /* NNWebSocketTransport.m in Sources */ = {isa = PBXBuildFile; fileRef = 40931C8616E3DAC000EBC81F /* NNWebSocketTransport.m */; };
		40931C9116E3DAC000EBC81F /* NNWebSocketTransportReader.m in Sources */ = {isa = PBXBuildFile; fileRef = 40931C8916E3DAC000EBC81F /* NNWebSocketTransportReader.m */; };
		40931C9216E3DAC000EBC81F /* NNWebSocketTransportWriter.m in Sources */ = {isa = PBXBuildFile; fileRef = 40931C8B16E3DAC000EBC81F /* NNWebSocketTransportWriter.m */; };
		40931C9916E3DAD700EBC81F /* NNBase64Spec.m in Sources */ = {isa = PBXBuildFile; fileRef = 40931C9316E3DAD700EBC81F /* NNBase64Spec.m */; };
		40931C9A16E3DAD700EBC81F /* NNRunLoopBrokerSpec.m in Sources */ = {isa = PBXBuildFile; fileRef = 40931C9416E3DAD700EBC81F /* NNRunLoopBrokerSpec.m */; };
		40931C9B16E3DAD700EBC81F /* NNUTF8BufferSpec.m in Sources */ = {isa = PBXBuildFile; fileRef = 40931C9516E3DAD700EBC81F /* NNUTF8BufferSpec.m */; };
		40931C9C16E3DAD700EBC81F /* NNWebSocketAutobahnTestCase.m in Sources */ = {isa = PBXBuildFile; fileRef = 40931C9616E3DAD700EBC81F /* NNWebSocketAutobahnTestCase.m */; };
		40931C9D16E3DAD700EBC81F /* NNWebSocketClientSpec.m in Sources */ = {isa = PBXBuildFile; fileRef = 40931C9716E3DAD700EBC81F /* NNWebSocketClientSpec.m */; };
		40931C9E16E3DAD700EBC81F /* NSString+NNUtilsSpec.m in Sources */ = {isa = PBXBuildFile; fileRef = 40931C9816E3DAD700EBC81F /* NSString+NNUtilsSpec.m */; };
		4C425C5E22C74B2A8494B422 /* libPods-NNWebSocketTests.a in Frameworks */ = {isa = PBXBuildFile; fileRef = 957A8F6332C54C7EADED8CCC /* libPods-NNWebSocketTests.a */; settings = {}; };
		F3A9CC4195E6586678D7FAF5 /* Security.framework in Frameworks */ = {isa = PBXBuildFile; fileRef = F3A9C22406A001D540F8AEA6 /* Security.framework */; };
		F3A9CC4A4670228BFBF42C86 /* CFNetwork.framework in Frameworks */ = {isa = PBXBuildFile; fileRef = F3A9C3FE13DE6F09323977E7 /* CFNetwork.framework */; };
/* End PBXBuildFile section */

/* Begin PBXContainerItemProxy section */
		40931C6316E3DA0000EBC81F /* PBXContainerItemProxy */ = {
			isa = PBXContainerItemProxy;
			containerPortal = 40931C4416E3DA0000EBC81F /* Project object */;
			proxyType = 1;
			remoteGlobalIDString = 40931C4B16E3DA0000EBC81F;
			remoteInfo = NNWebSocket;
		};
/* End PBXContainerItemProxy section */

/* Begin PBXCopyFilesBuildPhase section */
		40931C4A16E3DA0000EBC81F /* CopyFiles */ = {
			isa = PBXCopyFilesBuildPhase;
			buildActionMask = 2147483647;
			dstPath = "include/${PRODUCT_NAME}";
			dstSubfolderSpec = 16;
			files = (
				40931C5516E3DA0000EBC81F /* NNWebSocket.h in CopyFiles */,
			);
			runOnlyForDeploymentPostprocessing = 0;
		};
/* End PBXCopyFilesBuildPhase section */

/* Begin PBXFileReference section */
		1DB46C9BA31D4C2F8A3A9674 /* Pods-NNWebSocketTests.xcconfig */ = {isa = PBXFileReference; includeInIndex = 1; lastKnownFileType = text.xcconfig; name = "Pods-NNWebSocketTests.xcconfig"; path = "Pods/Pods-NNWebSocketTests.xcconfig"; sourceTree = SOURCE_ROOT; };
		40931C4C16E3DA0000EBC81F /* libNNWebSocket.a */ = {isa = PBXFileReference; explicitFileType = archive.ar; includeInIndex = 0; path = libNNWebSocket.a; sourceTree = BUILT_PRODUCTS_DIR; };
		40931C4F16E3DA0000EBC81F /* Foundation.framework */ = {isa = PBXFileReference; lastKnownFileType = wrapper.framework; name = Foundation.framework; path = System/Library/Frameworks/Foundation.framework; sourceTree = SDKROOT; };
		40931C5316E3DA0000EBC81F /* NNWebSocket-Prefix.pch */ = {isa = PBXFileReference; lastKnownFileType = sourcecode.c.h; path = "NNWebSocket-Prefix.pch"; sourceTree = "<group>"; };
		40931C5416E3DA0000EBC81F /* NNWebSocket.h */ = {isa = PBXFileReference; lastKnownFileType = sourcecode.c.h; path = NNWebSocket.h; sourceTree = "<group>"; };
		40931C5616E3DA0000EBC81F /* NNWebSocket.m */ = {isa = PBXFileReference; lastKnownFileType = sourcecode.c.objc; path = NNWebSocket.m; sourceTree = "<group>"; };
		40931C5D16E3DA0000EBC81F /* NNWebSocketTests.octest */ = {isa = PBXFileReference; explicitFileType = wrapper.cfbundle; includeInIndex = 0; path = NNWebSocketTests.octest; sourceTree = BUILT_PRODUCTS_DIR; };
		40931C5E16E3DA0000EBC81F /* SenTestingKit.framework */ = {isa = PBXFileReference; lastKnownFileType = wrapper.framework; name = SenTestingKit.framework; path = Library/Frameworks/SenTestingKit.framework; sourceTree = DEVELOPER_DIR; };
		40931C6016E3DA0000EBC81F /* UIKit.framework */ = {isa = PBXFileReference; lastKnownFileType = wrapper.framework; name = UIKit.framework; path = Library/Frameworks/UIKit.framework; sourceTree = DEVELOPER_DIR; };
		40931C6816E3DA0000EBC81F /* NNWebSocketTests-Info.plist */ = {isa = PBXFileReference; lastKnownFileType = text.plist.xml; path = "NNWebSocketTests-Info.plist"; sourceTree = "<group>"; };
		40931C6A16E3DA0000EBC81F /* en */ = {isa = PBXFileReference; lastKnownFileType = text.plist.strings; name = en; path = en.lproj/InfoPlist.strings; sourceTree = "<group>"; };
		40931C7716E3DAA600EBC81F /* NNUtils.h */ = {isa = PBXFileReference; fileEncoding = 4; lastKnownFileType = sourcecode.c.h; path = NNUtils.h; sourceTree = "<group>"; };
		40931C7816E3DAA600EBC81F /* NNUtils.m */ = {isa = PBXFileReference; fileEncoding = 4; lastKnownFileType = sourcecode.c.objc; path = NNUtils.m; sourceTree = "<group>"; };
		40931C7A16E3DAC000EBC81F /* NNWebSocketClient.h */ = {isa = PBXFileReference; fileEncoding = 4; lastKnownFileType = sourcecode.c.h; path = NNWebSocketClient.h; sourceTree = "<group>"; };
		40931C7B16E3DAC000EBC81F /* NNWebSocketClientRFC6455.h */ = {isa = PBXFileReference; fileEncoding = 4; lastKnownFileType = sourcecode.c.h; path = NNWebSocketClientRFC6455.h; sourceTree = "<group>"; };
		40931C7C16E3DAC000EBC81F /* NNWebSocketClientRFC6455.m */ = {isa = PBXFileReference; fileEncoding = 4; lastKnownFileType = sourcecode.c.objc; path = NNWebSocketClientRFC6455.m; sourceTree = "<group>"; };
		40931C7D16E3DAC000EBC81F /* NNWebSocketDefine.h */ = {isa = PBXFileReference; fileEncoding = 4; lastKnownFileType = sourcecode.c.h; path = NNWebSocketDefine.h; sourceTree = "<group>"; };
		40931C7E16E3DAC000EBC81F /* NNWebSocketFrame.h */ = {isa = PBXFileReference; fileEncoding = 4; lastKnownFileType = sourcecode.c.h; path = NNWebSocketFrame.h; sourceTree = "<group>"; };
		40931C7F16E3DAC000EBC81F /* NNWebSocketFrame.m */ = {isa = PBXFileReference; fileEncoding = 4; lastKnownFileType = sourcecode.c.objc; path = NNWebSocketFrame.m; sourceTree = "<group>"; };
		40931C8016E3DAC000EBC81F /* NNWebSocketOptions.h */ = {isa = PBXFileReference; fileEncoding = 4; lastKnownFileType = sourcecode.c.h; path = NNWebSocketOptions.h; sourceTree = "<group>"; };
		40931C8116E3DAC000EBC81F /* NNWebSocketOptions.m */ = {isa = PBXFileReference; fileEncoding = 4; lastKnownFileType = sourcecode.c.objc; path = NNWebSocketOptions.m; sourceTree = "<group>"; };
		40931C8216E3DAC000EBC81F /* NNWebSocketState.h */ = {isa = PBXFileReference; fileEncoding = 4; lastKnownFileType = sourcecode.c.h; path = NNWebSocketState.h; sourceTree = "<group>"; };
		40931C8316E3DAC000EBC81F /* NNWebSocketState.m */ = {isa = PBXFileReference; fileEncoding = 4; lastKnownFileType = sourcecode.c.objc; path = NNWebSocketState.m; sourceTree = "<group>"; };
		40931C8416E3DAC000EBC81F /* NNWebSocketStateContext.h */ = {isa = PBXFileReference; fileEncoding = 4; lastKnownFileType = sourcecode.c.h; path = NNWebSocketStateContext.h; sourceTree = "<group>"; };
		40931C8516E3DAC000EBC81F /* NNWebSocketTransport.h */ = {isa = PBXFileReference; fileEncoding = 4; lastKnownFileType = sourcecode.c.h; path = NNWebSocketTransport.h; sourceTree = "<group>"; };
		40931C8616E3DAC000EBC81F /* NNWebSocketTransport.m */ = {isa = PBXFileReference; fileEncoding = 4; lastKnownFileType = sourcecode.c.objc; path = NNWebSocketTransport.m; sourceTree = "<group>"; };
		40931C8716E3DAC000EBC81F /* NNWebSocketTransportDelegate.h */ = {isa = PBXFileReference; fileEncoding = 4; lastKnownFileType = sourcecode.c.h; path = NNWebSocketTransportDelegate.h; sourceTree = "<group>"; };
		40931C8816E3DAC000EBC81F /* NNWebSocketTransportReader.h */ = {isa = PBXFileReference; fileEncoding = 4; lastKnownFileType = sourcecode.c.h; path = NNWebSocketTransportReader.h; sourceTree = "<group>"; };
		40931C8916E3DAC000EBC81F /* NNWebSocketTransportReader.m */ = {isa = PBXFileReference; fileEncoding = 4; lastKnownFileType = sourcecode.c.objc; path = NNWebSocketTransportReader.m; sourceTree = "<group>"; };
		40931C8A16E3DAC000EBC81F /* NNWebSocketTransportWriter.h */ = {isa = PBXFileReference; fileEncoding = 4; lastKnownFileType = sourcecode.c.h; path = NNWebSocketTransportWriter.h; sourceTree = "<group>"; };
		40931C8B16E3DAC000EBC81F /* NNWebSocketTransportWriter.m */ = {isa = PBXFileReference; fileEncoding = 4; lastKnownFileType = sourcecode.c.objc; path = NNWebSocketTransportWriter.m; sourceTree = "<group>"; };
		40931C9316E3DAD700EBC81F /* NNBase64Spec.m */ = {isa = PBXFileReference; fileEncoding = 4; lastKnownFileType = sourcecode.c.objc; path = NNBase64Spec.m; sourceTree = "<group>"; };
		40931C9416E3DAD700EBC81F /* NNRunLoopBrokerSpec.m */ = {isa = PBXFileReference; fileEncoding = 4; lastKnownFileType = sourcecode.c.objc; path = NNRunLoopBrokerSpec.m; sourceTree = "<group>"; };
		40931C9516E3DAD700EBC81F /* NNUTF8BufferSpec.m */ = {isa = PBXFileReference; fileEncoding = 4; lastKnownFileType = sourcecode.c.objc; path = NNUTF8BufferSpec.m; sourceTree = "<group>"; };
		40931C9616E3DAD700EBC81F /* NNWebSocketAutobahnTestCase.m */ = {isa = PBXFileReference; fileEncoding = 4; lastKnownFileType = sourcecode.c.objc; path = NNWebSocketAutobahnTestCase.m; sourceTree = "<group>"; };
		40931C9716E3DAD700EBC81F /* NNWebSocketClientSpec.m */ = {isa = PBXFileReference; fileEncoding = 4; lastKnownFileType = sourcecode.c.objc; path = NNWebSocketClientSpec.m; sourceTree = "<group>"; };
		40931C9816E3DAD700EBC81F /* NSString+NNUtilsSpec.m */ = {isa = PBXFileReference; fileEncoding = 4; lastKnownFileType = sourcecode.c.objc; path = "NSString+NNUtilsSpec.m"; sourceTree = "<group>"; };
		957A8F6332C54C7EADED8CCC /* libPods-NNWebSocketTests.a */ = {isa = PBXFileReference; explicitFileType = archive.ar; includeInIndex = 0; name = "libPods-NNWebSocketTests.a"; path = "libPods-NNWebSocketTests.a"; sourceTree = BUILT_PRODUCTS_DIR; };
		F3A9C22406A001D540F8AEA6 /* Security.framework */ = {isa = PBXFileReference; lastKnownFileType = wrapper.framework; name = Security.framework; path = System/Library/Frameworks/Security.framework; sourceTree = SDKROOT; };
		F3A9C3FE13DE6F09323977E7 /* CFNetwork.framework */ = {isa = PBXFileReference; lastKnownFileType = wrapper.framework; name = CFNetwork.framework; path = System/Library/Frameworks/CFNetwork.framework; sourceTree = SDKROOT; };
/* End PBXFileReference section */

/* Begin PBXFrameworksBuildPhase section */
		40931C4916E3DA0000EBC81F /* Frameworks */ = {
			isa = PBXFrameworksBuildPhase;
			buildActionMask = 2147483647;
			files = (
				40931C5016E3DA0000EBC81F /* Foundation.framework in Frameworks */,
			);
			runOnlyForDeploymentPostprocessing = 0;
		};
		40931C5916E3DA0000EBC81F /* Frameworks */ = {
			isa = PBXFrameworksBuildPhase;
			buildActionMask = 2147483647;
			files = (
				40931C5F16E3DA0000EBC81F /* SenTestingKit.framework in Frameworks */,
				40931C6116E3DA0000EBC81F /* UIKit.framework in Frameworks */,
				40931C6216E3DA0000EBC81F /* Foundation.framework in Frameworks */,
				40931C6516E3DA0000EBC81F /* libNNWebSocket.a in Frameworks */,
				4C425C5E22C74B2A8494B422 /* libPods-NNWebSocketTests.a in Frameworks */,
				F3A9CC4A4670228BFBF42C86 /* CFNetwork.framework in Frameworks */,
				F3A9CC4195E6586678D7FAF5 /* Security.framework in Frameworks */,
			);
			runOnlyForDeploymentPostprocessing = 0;
		};
/* End PBXFrameworksBuildPhase section */

/* Begin PBXGroup section */
		40931C4316E3DA0000EBC81F = {
			isa = PBXGroup;
			children = (
				40931C5116E3DA0000EBC81F /* NNWebSocket */,
				40931C6616E3DA0000EBC81F /* NNWebSocketTests */,
				40931C4E16E3DA0000EBC81F /* Frameworks */,
				40931C4D16E3DA0000EBC81F /* Products */,
				1DB46C9BA31D4C2F8A3A9674 /* Pods-NNWebSocketTests.xcconfig */,
			);
			sourceTree = "<group>";
		};
		40931C4D16E3DA0000EBC81F /* Products */ = {
			isa = PBXGroup;
			children = (
				40931C4C16E3DA0000EBC81F /* libNNWebSocket.a */,
				40931C5D16E3DA0000EBC81F /* NNWebSocketTests.octest */,
			);
			name = Products;
			sourceTree = "<group>";
		};
		40931C4E16E3DA0000EBC81F /* Frameworks */ = {
			isa = PBXGroup;
			children = (
				40931C4F16E3DA0000EBC81F /* Foundation.framework */,
				40931C5E16E3DA0000EBC81F /* SenTestingKit.framework */,
				40931C6016E3DA0000EBC81F /* UIKit.framework */,
				957A8F6332C54C7EADED8CCC /* libPods-NNWebSocketTests.a */,
				F3A9C3FE13DE6F09323977E7 /* CFNetwork.framework */,
				F3A9C22406A001D540F8AEA6 /* Security.framework */,
			);
			name = Frameworks;
			sourceTree = "<group>";
		};
		40931C5116E3DA0000EBC81F /* NNWebSocket */ = {
			isa = PBXGroup;
			children = (
				40931C7A16E3DAC000EBC81F /* NNWebSocketClient.h */,
				40931C7B16E3DAC000EBC81F /* NNWebSocketClientRFC6455.h */,
				40931C7C16E3DAC000EBC81F /* NNWebSocketClientRFC6455.m */,
				40931C7D16E3DAC000EBC81F /* NNWebSocketDefine.h */,
				40931C7E16E3DAC000EBC81F /* NNWebSocketFrame.h */,
				40931C7F16E3DAC000EBC81F /* NNWebSocketFrame.m */,
				40931C8016E3DAC000EBC81F /* NNWebSocketOptions.h */,
				40931C8116E3DAC000EBC81F /* NNWebSocketOptions.m */,
				40931C8216E3DAC000EBC81F /* NNWebSocketState.h */,
				40931C8316E3DAC000EBC81F /* NNWebSocketState.m */,
				40931C8416E3DAC000EBC81F /* NNWebSocketStateContext.h */,
				40931C8516E3DAC000EBC81F /* NNWebSocketTransport.h */,
				40931C8616E3DAC000EBC81F /* NNWebSocketTransport.m */,
				40931C8716E3DAC000EBC81F /* NNWebSocketTransportDelegate.h */,
				40931C8816E3DAC000EBC81F /* NNWebSocketTransportReader.h */,
				40931C8916E3DAC000EBC81F /* NNWebSocketTransportReader.m */,
				40931C8A16E3DAC000EBC81F /* NNWebSocketTransportWriter.h */,
				40931C8B16E3DAC000EBC81F /* NNWebSocketTransportWriter.m */,
				40931C7716E3DAA600EBC81F /* NNUtils.h */,
				40931C7816E3DAA600EBC81F /* NNUtils.m */,
				40931C5416E3DA0000EBC81F /* NNWebSocket.h */,
				40931C5616E3DA0000EBC81F /* NNWebSocket.m */,
				40931C5216E3DA0000EBC81F /* Supporting Files */,
			);
			path = NNWebSocket;
			sourceTree = "<group>";
		};
		40931C5216E3DA0000EBC81F /* Supporting Files */ = {
			isa = PBXGroup;
			children = (
				40931C5316E3DA0000EBC81F /* NNWebSocket-Prefix.pch */,
			);
			name = "Supporting Files";
			sourceTree = "<group>";
		};
		40931C6616E3DA0000EBC81F /* NNWebSocketTests */ = {
			isa = PBXGroup;
			children = (
				40931C9316E3DAD700EBC81F /* NNBase64Spec.m */,
				40931C9416E3DAD700EBC81F /* NNRunLoopBrokerSpec.m */,
				40931C9516E3DAD700EBC81F /* NNUTF8BufferSpec.m */,
				40931C9616E3DAD700EBC81F /* NNWebSocketAutobahnTestCase.m */,
				40931C9716E3DAD700EBC81F /* NNWebSocketClientSpec.m */,
				40931C9816E3DAD700EBC81F /* NSString+NNUtilsSpec.m */,
				40931C6716E3DA0000EBC81F /* Supporting Files */,
			);
			path = NNWebSocketTests;
			sourceTree = "<group>";
		};
		40931C6716E3DA0000EBC81F /* Supporting Files */ = {
			isa = PBXGroup;
			children = (
				40931C6816E3DA0000EBC81F /* NNWebSocketTests-Info.plist */,
				40931C6916E3DA0000EBC81F /* InfoPlist.strings */,
			);
			name = "Supporting Files";
			sourceTree = "<group>";
		};
/* End PBXGroup section */

/* Begin PBXNativeTarget section */
		40931C4B16E3DA0000EBC81F /* NNWebSocket */ = {
			isa = PBXNativeTarget;
			buildConfigurationList = 40931C7116E3DA0000EBC81F /* Build configuration list for PBXNativeTarget "NNWebSocket" */;
			buildPhases = (
				40931C4816E3DA0000EBC81F /* Sources */,
				40931C4916E3DA0000EBC81F /* Frameworks */,
				40931C4A16E3DA0000EBC81F /* CopyFiles */,
			);
			buildRules = (
			);
			dependencies = (
			);
			name = NNWebSocket;
			productName = NNWebSocket;
			productReference = 40931C4C16E3DA0000EBC81F /* libNNWebSocket.a */;
			productType = "com.apple.product-type.library.static";
		};
		40931C5C16E3DA0000EBC81F /* NNWebSocketTests */ = {
			isa = PBXNativeTarget;
			buildConfigurationList = 40931C7416E3DA0000EBC81F /* Build configuration list for PBXNativeTarget "NNWebSocketTests" */;
			buildPhases = (
				40931C5816E3DA0000EBC81F /* Sources */,
				40931C5916E3DA0000EBC81F /* Frameworks */,
				40931C5A16E3DA0000EBC81F /* Resources */,
				40931C5B16E3DA0000EBC81F /* ShellScript */,
				E5056199902A4692A0B6E9B9 /* Copy Pods Resources */,
			);
			buildRules = (
			);
			dependencies = (
				40931C6416E3DA0000EBC81F /* PBXTargetDependency */,
			);
			name = NNWebSocketTests;
			productName = NNWebSocketTests;
			productReference = 40931C5D16E3DA0000EBC81F /* NNWebSocketTests.octest */;
			productType = "com.apple.product-type.bundle";
		};
/* End PBXNativeTarget section */

/* Begin PBXProject section */
		40931C4416E3DA0000EBC81F /* Project object */ = {
			isa = PBXProject;
			attributes = {
				LastUpgradeCheck = 0460;
				ORGANIZATIONNAME = growthfield.jp;
			};
			buildConfigurationList = 40931C4716E3DA0000EBC81F /* Build configuration list for PBXProject "NNWebSocket" */;
			compatibilityVersion = "Xcode 3.2";
			developmentRegion = English;
			hasScannedForEncodings = 0;
			knownRegions = (
				en,
			);
			mainGroup = 40931C4316E3DA0000EBC81F;
			productRefGroup = 40931C4D16E3DA0000EBC81F /* Products */;
			projectDirPath = "";
			projectReferences = (
			);
			projectRoot = "";
			targets = (
				40931C4B16E3DA0000EBC81F /* NNWebSocket */,
				40931C5C16E3DA0000EBC81F /* NNWebSocketTests */,
			);
		};
/* End PBXProject section */

/* Begin PBXResourcesBuildPhase section */
		40931C5A16E3DA0000EBC81F /* Resources */ = {
			isa = PBXResourcesBuildPhase;
			buildActionMask = 2147483647;
			files = (
				40931C6B16E3DA0000EBC81F /* InfoPlist.strings in Resources */,
			);
			runOnlyForDeploymentPostprocessing = 0;
		};
/* End PBXResourcesBuildPhase section */

/* Begin PBXShellScriptBuildPhase section */
		40931C5B16E3DA0000EBC81F /* ShellScript */ = {
			isa = PBXShellScriptBuildPhase;
			buildActionMask = 2147483647;
			files = (
			);
			inputPaths = (
			);
			outputPaths = (
			);
			runOnlyForDeploymentPostprocessing = 0;
			shellPath = /bin/sh;
			shellScript = "# Run the unit tests in this test bundle.\n\"${SYSTEM_DEVELOPER_DIR}/Tools/RunUnitTests\"\n";
		};
		E5056199902A4692A0B6E9B9 /* Copy Pods Resources */ = {
			isa = PBXShellScriptBuildPhase;
			buildActionMask = 2147483647;
			files = (
			);
			inputPaths = (
			);
			name = "Copy Pods Resources";
			outputPaths = (
			);
			runOnlyForDeploymentPostprocessing = 0;
			shellPath = /bin/sh;
			shellScript = "\"${SRCROOT}/Pods/Pods-NNWebSocketTests-resources.sh\"\n";
			showEnvVarsInLog = 1;
		};
/* End PBXShellScriptBuildPhase section */

/* Begin PBXSourcesBuildPhase section */
		40931C4816E3DA0000EBC81F /* Sources */ = {
			isa = PBXSourcesBuildPhase;
			buildActionMask = 2147483647;
			files = (
				40931C5716E3DA0000EBC81F /* NNWebSocket.m in Sources */,
				40931C7916E3DAA600EBC81F /* NNUtils.m in Sources */,
				40931C8C16E3DAC000EBC81F /* NNWebSocketClientRFC6455.m in Sources */,
				40931C8D16E3DAC000EBC81F /* NNWebSocketFrame.m in Sources */,
				40931C8E16E3DAC000EBC81F /* NNWebSocketOptions.m in Sources */,
				40931C8F16E3DAC000EBC81F /* NNWebSocketState.m in Sources */,
				40931C9016E3DAC000EBC81F /* NNWebSocketTransport.m in Sources */,
				40931C9116E3DAC000EBC81F /* NNWebSocketTransportReader.m in Sources */,
				40931C9216E3DAC000EBC81F /* NNWebSocketTransportWriter.m in Sources */,
			);
			runOnlyForDeploymentPostprocessing = 0;
		};
		40931C5816E3DA0000EBC81F /* Sources */ = {
			isa = PBXSourcesBuildPhase;
			buildActionMask = 2147483647;
			files = (
				40931C9916E3DAD700EBC81F /* NNBase64Spec.m in Sources */,
				40931C9A16E3DAD700EBC81F /* NNRunLoopBrokerSpec.m in Sources */,
				40931C9B16E3DAD700EBC81F /* NNUTF8BufferSpec.m in Sources */,
				40931C9C16E3DAD700EBC81F /* NNWebSocketAutobahnTestCase.m in Sources */,
				40931C9D16E3DAD700EBC81F /* NNWebSocketClientSpec.m in Sources */,
				40931C9E16E3DAD700EBC81F /* NSString+NNUtilsSpec.m in Sources */,
			);
			runOnlyForDeploymentPostprocessing = 0;
		};
/* End PBXSourcesBuildPhase section */

/* Begin PBXTargetDependency section */
		40931C6416E3DA0000EBC81F /* PBXTargetDependency */ = {
			isa = PBXTargetDependency;
			target = 40931C4B16E3DA0000EBC81F /* NNWebSocket */;
			targetProxy = 40931C6316E3DA0000EBC81F /* PBXContainerItemProxy */;
		};
/* End PBXTargetDependency section */

/* Begin PBXVariantGroup section */
		40931C6916E3DA0000EBC81F /* InfoPlist.strings */ = {
			isa = PBXVariantGroup;
			children = (
				40931C6A16E3DA0000EBC81F /* en */,
			);
			name = InfoPlist.strings;
			sourceTree = "<group>";
		};
/* End PBXVariantGroup section */

/* Begin XCBuildConfiguration section */
		40931C6F16E3DA0000EBC81F /* Debug */ = {
			isa = XCBuildConfiguration;
			buildSettings = {
				ALWAYS_SEARCH_USER_PATHS = NO;
				CLANG_CXX_LANGUAGE_STANDARD = "gnu++0x";
				CLANG_CXX_LIBRARY = "libc++";
				CLANG_ENABLE_OBJC_ARC = YES;
				CLANG_WARN_CONSTANT_CONVERSION = YES;
				CLANG_WARN_EMPTY_BODY = YES;
				CLANG_WARN_ENUM_CONVERSION = YES;
				CLANG_WARN_INT_CONVERSION = YES;
				CLANG_WARN__DUPLICATE_METHOD_MATCH = YES;
				COPY_PHASE_STRIP = NO;
				GCC_C_LANGUAGE_STANDARD = gnu99;
				GCC_DYNAMIC_NO_PIC = NO;
				GCC_OPTIMIZATION_LEVEL = 0;
				GCC_PREPROCESSOR_DEFINITIONS = (
					"DEBUG=1",
					"$(inherited)",
				);
				GCC_SYMBOLS_PRIVATE_EXTERN = NO;
				GCC_WARN_ABOUT_RETURN_TYPE = YES;
				GCC_WARN_UNINITIALIZED_AUTOS = YES;
				GCC_WARN_UNUSED_VARIABLE = YES;
				IPHONEOS_DEPLOYMENT_TARGET = 6.1;
				ONLY_ACTIVE_ARCH = YES;
				SDKROOT = iphoneos;
			};
			name = Debug;
		};
		40931C7016E3DA0000EBC81F /* Release */ = {
			isa = XCBuildConfiguration;
			buildSettings = {
				ALWAYS_SEARCH_USER_PATHS = NO;
				CLANG_CXX_LANGUAGE_STANDARD = "gnu++0x";
				CLANG_CXX_LIBRARY = "libc++";
				CLANG_ENABLE_OBJC_ARC = YES;
				CLANG_WARN_CONSTANT_CONVERSION = YES;
				CLANG_WARN_EMPTY_BODY = YES;
				CLANG_WARN_ENUM_CONVERSION = YES;
				CLANG_WARN_INT_CONVERSION = YES;
				CLANG_WARN__DUPLICATE_METHOD_MATCH = YES;
				COPY_PHASE_STRIP = YES;
				GCC_C_LANGUAGE_STANDARD = gnu99;
				GCC_WARN_ABOUT_RETURN_TYPE = YES;
				GCC_WARN_UNINITIALIZED_AUTOS = YES;
				GCC_WARN_UNUSED_VARIABLE = YES;
				IPHONEOS_DEPLOYMENT_TARGET = 6.1;
				SDKROOT = iphoneos;
				VALIDATE_PRODUCT = YES;
			};
			name = Release;
		};
		40931C7216E3DA0000EBC81F /* Debug */ = {
			isa = XCBuildConfiguration;
			buildSettings = {
				DSTROOT = /tmp/NNWebSocket.dst;
				GCC_PRECOMPILE_PREFIX_HEADER = YES;
				GCC_PREFIX_HEADER = "NNWebSocket/NNWebSocket-Prefix.pch";
				OTHER_LDFLAGS = "-ObjC";
				PRODUCT_NAME = "$(TARGET_NAME)";
				SKIP_INSTALL = YES;
			};
			name = Debug;
		};
		40931C7316E3DA0000EBC81F /* Release */ = {
			isa = XCBuildConfiguration;
			buildSettings = {
				DSTROOT = /tmp/NNWebSocket.dst;
				GCC_PRECOMPILE_PREFIX_HEADER = YES;
				GCC_PREFIX_HEADER = "NNWebSocket/NNWebSocket-Prefix.pch";
				OTHER_LDFLAGS = "-ObjC";
				PRODUCT_NAME = "$(TARGET_NAME)";
				SKIP_INSTALL = YES;
			};
			name = Release;
		};
		40931C7516E3DA0000EBC81F /* Debug */ = {
			isa = XCBuildConfiguration;
			baseConfigurationReference = 1DB46C9BA31D4C2F8A3A9674 /* Pods-NNWebSocketTests.xcconfig */;
			buildSettings = {
				FRAMEWORK_SEARCH_PATHS = (
					"\"$(SDKROOT)/Developer/Library/Frameworks\"",
					"\"$(DEVELOPER_LIBRARY_DIR)/Frameworks\"",
				);
				GCC_PRECOMPILE_PREFIX_HEADER = YES;
				GCC_PREFIX_HEADER = "NNWebSocket/NNWebSocket-Prefix.pch";
				INFOPLIST_FILE = "NNWebSocketTests/NNWebSocketTests-Info.plist";
				PRODUCT_NAME = "$(TARGET_NAME)";
				WRAPPER_EXTENSION = octest;
			};
			name = Debug;
		};
		40931C7616E3DA0000EBC81F /* Release */ = {
			isa = XCBuildConfiguration;
			baseConfigurationReference = 1DB46C9BA31D4C2F8A3A9674 /* Pods-NNWebSocketTests.xcconfig */;
			buildSettings = {
				FRAMEWORK_SEARCH_PATHS = (
					"\"$(SDKROOT)/Developer/Library/Frameworks\"",
					"\"$(DEVELOPER_LIBRARY_DIR)/Frameworks\"",
				);
				GCC_PRECOMPILE_PREFIX_HEADER = YES;
				GCC_PREFIX_HEADER = "NNWebSocket/NNWebSocket-Prefix.pch";
				INFOPLIST_FILE = "NNWebSocketTests/NNWebSocketTests-Info.plist";
				PRODUCT_NAME = "$(TARGET_NAME)";
				WRAPPER_EXTENSION = octest;
			};
			name = Release;
		};
/* End XCBuildConfiguration section */

/* Begin XCConfigurationList section */
		40931C4716E3DA0000EBC81F /* Build configuration list for PBXProject "NNWebSocket" */ = {
			isa = XCConfigurationList;
			buildConfigurations = (
				40931C6F16E3DA0000EBC81F /* Debug */,
				40931C7016E3DA0000EBC81F /* Release */,
			);
			defaultConfigurationIsVisible = 0;
			defaultConfigurationName = Release;
		};
		40931C7116E3DA0000EBC81F /* Build configuration list for PBXNativeTarget "NNWebSocket" */ = {
			isa = XCConfigurationList;
			buildConfigurations = (
				40931C7216E3DA0000EBC81F /* Debug */,
				40931C7316E3DA0000EBC81F /* Release */,
			);
			defaultConfigurationIsVisible = 0;
		};
		40931C7416E3DA0000EBC81F /* Build configuration list for PBXNativeTarget "NNWebSocketTests" */ = {
			isa = XCConfigurationList;
			buildConfigurations = (
				40931C7516E3DA0000EBC81F /* Debug */,
				40931C7616E3DA0000EBC81F /* Release */,
			);
			defaultConfigurationIsVisible = 0;
		};
/* End XCConfigurationList section */
	};
	rootObject = 40931C4416E3DA0000EBC81F /* Project object */;
}
